
Microsoft Visual Studio Solution File, Format Version 12.00
# Visual Studio Version 17
VisualStudioVersion = 17.5.33530.505
MinimumVisualStudioVersion = 10.0.40219.1
Project("{8BC9CEB8-8B4A-11D0-8D11-00A0C91BC942}") = "2023-06-19_Task04_HW02_class_files_sort", "2023-06-19_Task04_HW02_class_files_sort.vcxproj", "{2CB86E4B-3B61-4334-8CB9-33421492E157}"
EndProject
Global
	GlobalSection(SolutionConfigurationPlatforms) = preSolution
		Debug|x64 = Debug|x64
		Debug|x86 = Debug|x86
		Release|x64 = Release|x64
		Release|x86 = Release|x86
	EndGlobalSection
	GlobalSection(ProjectConfigurationPlatforms) = postSolution
		{2CB86E4B-3B61-4334-8CB9-33421492E157}.Debug|x64.ActiveCfg = Debug|x64
		{2CB86E4B-3B61-4334-8CB9-33421492E157}.Debug|x64.Build.0 = Debug|x64
		{2CB86E4B-3B61-4334-8CB9-33421492E157}.Debug|x86.ActiveCfg = Debug|Win32
		{2CB86E4B-3B61-4334-8CB9-33421492E157}.Debug|x86.Build.0 = Debug|Win32
		{2CB86E4B-3B61-4334-8CB9-33421492E157}.Release|x64.ActiveCfg = Release|x64
		{2CB86E4B-3B61-4334-8CB9-33421492E157}.Release|x64.Build.0 = Release|x64
		{2CB86E4B-3B61-4334-8CB9-33421492E157}.Release|x86.ActiveCfg = Release|Win32
		{2CB86E4B-3B61-4334-8CB9-33421492E157}.Release|x86.Build.0 = Release|Win32
	EndGlobalSection
	GlobalSection(SolutionProperties) = preSolution
		HideSolutionNode = FALSE
	EndGlobalSection
	GlobalSection(ExtensibilityGlobals) = postSolution
		SolutionGuid = {2F70AA6F-0ECE-4F63-A6EC-36579AC8B473}
	EndGlobalSection
EndGlobal
